// !$*UTF8*$!
{
	archiveVersion = 1;
	classes = {
	};
	objectVersion = 50;
	objects = {

/* Begin PBXBuildFile section */
		4B2FFF5221BA6C8900EBDFE4 /* AppDelegate.swift in Sources */ = {isa = PBXBuildFile; fileRef = 4B2FFF5121BA6C8900EBDFE4 /* AppDelegate.swift */; };
		4B2FFF5421BA6C8900EBDFE4 /* ViewController.swift in Sources */ = {isa = PBXBuildFile; fileRef = 4B2FFF5321BA6C8900EBDFE4 /* ViewController.swift */; };
		4B2FFF5721BA6C8900EBDFE4 /* Main.storyboard in Resources */ = {isa = PBXBuildFile; fileRef = 4B2FFF5521BA6C8900EBDFE4 /* Main.storyboard */; };
		4B2FFF5A21BA6C8900EBDFE4 /* ____.xcdatamodeld in Sources */ = {isa = PBXBuildFile; fileRef = 4B2FFF5821BA6C8900EBDFE4 /* ____.xcdatamodeld */; };
		4B2FFF5C21BA6C8A00EBDFE4 /* Assets.xcassets in Resources */ = {isa = PBXBuildFile; fileRef = 4B2FFF5B21BA6C8A00EBDFE4 /* Assets.xcassets */; };
		4B2FFF5F21BA6C8A00EBDFE4 /* LaunchScreen.storyboard in Resources */ = {isa = PBXBuildFile; fileRef = 4B2FFF5D21BA6C8A00EBDFE4 /* LaunchScreen.storyboard */; };
		4B2FFF6A21BA6C8A00EBDFE4 /* ____Tests.swift in Sources */ = {isa = PBXBuildFile; fileRef = 4B2FFF6921BA6C8A00EBDFE4 /* ____Tests.swift */; };
		4B2FFF7521BA6C8A00EBDFE4 /* ____UITests.swift in Sources */ = {isa = PBXBuildFile; fileRef = 4B2FFF7421BA6C8A00EBDFE4 /* ____UITests.swift */; };
		4B3ECF8221F17D2100992827 /* BookMarkCell.swift in Sources */ = {isa = PBXBuildFile; fileRef = 4B3ECF8121F17D2100992827 /* BookMarkCell.swift */; };
		4B74218F21BE878E00DFEFDA /* PersonInfoViewController.swift in Sources */ = {isa = PBXBuildFile; fileRef = 4B74218E21BE878E00DFEFDA /* PersonInfoViewController.swift */; };
		4B74219121BE8A2B00DFEFDA /* MainTabBarController.swift in Sources */ = {isa = PBXBuildFile; fileRef = 4B74219021BE8A2B00DFEFDA /* MainTabBarController.swift */; };
		4B74219321BE8ADD00DFEFDA /* TopicsViewController.swift in Sources */ = {isa = PBXBuildFile; fileRef = 4B74219221BE8ADD00DFEFDA /* TopicsViewController.swift */; };
		4B74219521BE8B5300DFEFDA /* RecordsViewController.swift in Sources */ = {isa = PBXBuildFile; fileRef = 4B74219421BE8B5300DFEFDA /* RecordsViewController.swift */; };
		4B74219721BEB10700DFEFDA /* RecordsCell.swift in Sources */ = {isa = PBXBuildFile; fileRef = 4B74219621BEB10700DFEFDA /* RecordsCell.swift */; };
		4B9705CF21C2733E00286D8E /* PersonInfoCell.swift in Sources */ = {isa = PBXBuildFile; fileRef = 4B9705CE21C2733E00286D8E /* PersonInfoCell.swift */; };
		4B9F077C21C50F62009EB4FB /* TopicsCell.swift in Sources */ = {isa = PBXBuildFile; fileRef = 4B9F077B21C50F62009EB4FB /* TopicsCell.swift */; };
		4BE4D86921F0C89400537883 /* MessageViewController.swift in Sources */ = {isa = PBXBuildFile; fileRef = 4BE4D86821F0C89400537883 /* MessageViewController.swift */; };
		4BE4D86B21F0C92400537883 /* MessageCell.swift in Sources */ = {isa = PBXBuildFile; fileRef = 4BE4D86A21F0C92400537883 /* MessageCell.swift */; };
		4BEE75A721D4C7F90097365F /* AskViewController.swift in Sources */ = {isa = PBXBuildFile; fileRef = 4BEE75A621D4C7F90097365F /* AskViewController.swift */; };
		4BEEDD1921C3AC9400401C55 /* BookmarkViewController.swift in Sources */ = {isa = PBXBuildFile; fileRef = 4BEEDD1821C3AC9400401C55 /* BookmarkViewController.swift */; };
		4BF8064F21BB8B7C00C573A6 /* SettingViewController.swift in Sources */ = {isa = PBXBuildFile; fileRef = 4BF8064E21BB8B7C00C573A6 /* SettingViewController.swift */; };
		4BF8065221BB904D00C573A6 /* PublicStuff.swift in Sources */ = {isa = PBXBuildFile; fileRef = 4BF8065121BB904D00C573A6 /* PublicStuff.swift */; };
		4BF8065421BB928400C573A6 /* SettingCell.swift in Sources */ = {isa = PBXBuildFile; fileRef = 4BF8065321BB928400C573A6 /* SettingCell.swift */; };
/* End PBXBuildFile section */

/* Begin PBXContainerItemProxy section */
		4B2FFF6621BA6C8A00EBDFE4 /* PBXContainerItemProxy */ = {
			isa = PBXContainerItemProxy;
			containerPortal = 4B2FFF4621BA6C8900EBDFE4 /* Project object */;
			proxyType = 1;
			remoteGlobalIDString = 4B2FFF4D21BA6C8900EBDFE4;
			remoteInfo = "神奇海螺";
		};
		4B2FFF7121BA6C8A00EBDFE4 /* PBXContainerItemProxy */ = {
			isa = PBXContainerItemProxy;
			containerPortal = 4B2FFF4621BA6C8900EBDFE4 /* Project object */;
			proxyType = 1;
			remoteGlobalIDString = 4B2FFF4D21BA6C8900EBDFE4;
			remoteInfo = "神奇海螺";
		};
/* End PBXContainerItemProxy section */

/* Begin PBXFileReference section */
		4B2FFF4E21BA6C8900EBDFE4 /* 神奇海螺.app */ = {isa = PBXFileReference; explicitFileType = wrapper.application; includeInIndex = 0; path = "神奇海螺.app"; sourceTree = BUILT_PRODUCTS_DIR; };
		4B2FFF5121BA6C8900EBDFE4 /* AppDelegate.swift */ = {isa = PBXFileReference; lastKnownFileType = sourcecode.swift; path = AppDelegate.swift; sourceTree = "<group>"; };
		4B2FFF5321BA6C8900EBDFE4 /* ViewController.swift */ = {isa = PBXFileReference; lastKnownFileType = sourcecode.swift; path = ViewController.swift; sourceTree = "<group>"; };
		4B2FFF5621BA6C8900EBDFE4 /* Base */ = {isa = PBXFileReference; lastKnownFileType = file.storyboard; name = Base; path = Base.lproj/Main.storyboard; sourceTree = "<group>"; };
		4B2FFF5921BA6C8900EBDFE4 /* ____.xcdatamodel */ = {isa = PBXFileReference; lastKnownFileType = wrapper.xcdatamodel; path = "____.xcdatamodel"; sourceTree = "<group>"; };
		4B2FFF5B21BA6C8A00EBDFE4 /* Assets.xcassets */ = {isa = PBXFileReference; lastKnownFileType = folder.assetcatalog; path = Assets.xcassets; sourceTree = "<group>"; };
		4B2FFF5E21BA6C8A00EBDFE4 /* Base */ = {isa = PBXFileReference; lastKnownFileType = file.storyboard; name = Base; path = Base.lproj/LaunchScreen.storyboard; sourceTree = "<group>"; };
		4B2FFF6021BA6C8A00EBDFE4 /* Info.plist */ = {isa = PBXFileReference; lastKnownFileType = text.plist.xml; path = Info.plist; sourceTree = "<group>"; };
		4B2FFF6521BA6C8A00EBDFE4 /* 神奇海螺Tests.xctest */ = {isa = PBXFileReference; explicitFileType = wrapper.cfbundle; includeInIndex = 0; path = "神奇海螺Tests.xctest"; sourceTree = BUILT_PRODUCTS_DIR; };
		4B2FFF6921BA6C8A00EBDFE4 /* ____Tests.swift */ = {isa = PBXFileReference; lastKnownFileType = sourcecode.swift; path = "____Tests.swift"; sourceTree = "<group>"; };
		4B2FFF6B21BA6C8A00EBDFE4 /* Info.plist */ = {isa = PBXFileReference; lastKnownFileType = text.plist.xml; path = Info.plist; sourceTree = "<group>"; };
		4B2FFF7021BA6C8A00EBDFE4 /* 神奇海螺UITests.xctest */ = {isa = PBXFileReference; explicitFileType = wrapper.cfbundle; includeInIndex = 0; path = "神奇海螺UITests.xctest"; sourceTree = BUILT_PRODUCTS_DIR; };
		4B2FFF7421BA6C8A00EBDFE4 /* ____UITests.swift */ = {isa = PBXFileReference; lastKnownFileType = sourcecode.swift; path = "____UITests.swift"; sourceTree = "<group>"; };
		4B2FFF7621BA6C8A00EBDFE4 /* Info.plist */ = {isa = PBXFileReference; lastKnownFileType = text.plist.xml; path = Info.plist; sourceTree = "<group>"; };
		4B3ECF8121F17D2100992827 /* BookMarkCell.swift */ = {isa = PBXFileReference; lastKnownFileType = sourcecode.swift; path = BookMarkCell.swift; sourceTree = "<group>"; };
		4B74218E21BE878E00DFEFDA /* PersonInfoViewController.swift */ = {isa = PBXFileReference; lastKnownFileType = sourcecode.swift; path = PersonInfoViewController.swift; sourceTree = "<group>"; };
		4B74219021BE8A2B00DFEFDA /* MainTabBarController.swift */ = {isa = PBXFileReference; lastKnownFileType = sourcecode.swift; path = MainTabBarController.swift; sourceTree = "<group>"; };
		4B74219221BE8ADD00DFEFDA /* TopicsViewController.swift */ = {isa = PBXFileReference; lastKnownFileType = sourcecode.swift; path = TopicsViewController.swift; sourceTree = "<group>"; };
		4B74219421BE8B5300DFEFDA /* RecordsViewController.swift */ = {isa = PBXFileReference; lastKnownFileType = sourcecode.swift; path = RecordsViewController.swift; sourceTree = "<group>"; };
		4B74219621BEB10700DFEFDA /* RecordsCell.swift */ = {isa = PBXFileReference; lastKnownFileType = sourcecode.swift; path = RecordsCell.swift; sourceTree = "<group>"; };
		4B9705CE21C2733E00286D8E /* PersonInfoCell.swift */ = {isa = PBXFileReference; lastKnownFileType = sourcecode.swift; path = PersonInfoCell.swift; sourceTree = "<group>"; };
		4B9F077B21C50F62009EB4FB /* TopicsCell.swift */ = {isa = PBXFileReference; lastKnownFileType = sourcecode.swift; path = TopicsCell.swift; sourceTree = "<group>"; };
		4BE4D86821F0C89400537883 /* MessageViewController.swift */ = {isa = PBXFileReference; lastKnownFileType = sourcecode.swift; path = MessageViewController.swift; sourceTree = "<group>"; };
		4BE4D86A21F0C92400537883 /* MessageCell.swift */ = {isa = PBXFileReference; lastKnownFileType = sourcecode.swift; path = MessageCell.swift; sourceTree = "<group>"; };
		4BEE75A621D4C7F90097365F /* AskViewController.swift */ = {isa = PBXFileReference; lastKnownFileType = sourcecode.swift; path = AskViewController.swift; sourceTree = "<group>"; };
		4BEEDD1821C3AC9400401C55 /* BookmarkViewController.swift */ = {isa = PBXFileReference; lastKnownFileType = sourcecode.swift; path = BookmarkViewController.swift; sourceTree = "<group>"; };
		4BF8064E21BB8B7C00C573A6 /* SettingViewController.swift */ = {isa = PBXFileReference; lastKnownFileType = sourcecode.swift; path = SettingViewController.swift; sourceTree = "<group>"; };
		4BF8065121BB904D00C573A6 /* PublicStuff.swift */ = {isa = PBXFileReference; lastKnownFileType = sourcecode.swift; path = PublicStuff.swift; sourceTree = "<group>"; };
		4BF8065321BB928400C573A6 /* SettingCell.swift */ = {isa = PBXFileReference; lastKnownFileType = sourcecode.swift; path = SettingCell.swift; sourceTree = "<group>"; };
/* End PBXFileReference section */

/* Begin PBXFrameworksBuildPhase section */
		4B2FFF4B21BA6C8900EBDFE4 /* Frameworks */ = {
			isa = PBXFrameworksBuildPhase;
			buildActionMask = 2147483647;
			files = (
			);
			runOnlyForDeploymentPostprocessing = 0;
		};
		4B2FFF6221BA6C8A00EBDFE4 /* Frameworks */ = {
			isa = PBXFrameworksBuildPhase;
			buildActionMask = 2147483647;
			files = (
			);
			runOnlyForDeploymentPostprocessing = 0;
		};
		4B2FFF6D21BA6C8A00EBDFE4 /* Frameworks */ = {
			isa = PBXFrameworksBuildPhase;
			buildActionMask = 2147483647;
			files = (
			);
			runOnlyForDeploymentPostprocessing = 0;
		};
/* End PBXFrameworksBuildPhase section */

/* Begin PBXGroup section */
		4B2FFF4521BA6C8900EBDFE4 = {
			isa = PBXGroup;
			children = (
				4B2FFF5021BA6C8900EBDFE4 /* 神奇海螺 */,
				4B2FFF6821BA6C8A00EBDFE4 /* 神奇海螺Tests */,
				4B2FFF7321BA6C8A00EBDFE4 /* 神奇海螺UITests */,
				4B2FFF4F21BA6C8900EBDFE4 /* Products */,
			);
			sourceTree = "<group>";
		};
		4B2FFF4F21BA6C8900EBDFE4 /* Products */ = {
			isa = PBXGroup;
			children = (
				4B2FFF4E21BA6C8900EBDFE4 /* 神奇海螺.app */,
				4B2FFF6521BA6C8A00EBDFE4 /* 神奇海螺Tests.xctest */,
				4B2FFF7021BA6C8A00EBDFE4 /* 神奇海螺UITests.xctest */,
			);
			name = Products;
			sourceTree = "<group>";
		};
		4B2FFF5021BA6C8900EBDFE4 /* 神奇海螺 */ = {
			isa = PBXGroup;
			children = (
				4B2FFF8421BA6D1100EBDFE4 /* Controller */,
				4B2FFF8321BA6D0400EBDFE4 /* View */,
				4B2FFF8221BA6CE000EBDFE4 /* Model */,
				4B2FFF8521BA6D4900EBDFE4 /* support files */,
				4B2FFF6021BA6C8A00EBDFE4 /* Info.plist */,
				4B2FFF5821BA6C8900EBDFE4 /* ____.xcdatamodeld */,
			);
			path = "神奇海螺";
			sourceTree = "<group>";
		};
		4B2FFF6821BA6C8A00EBDFE4 /* 神奇海螺Tests */ = {
			isa = PBXGroup;
			children = (
				4B2FFF6921BA6C8A00EBDFE4 /* ____Tests.swift */,
				4B2FFF6B21BA6C8A00EBDFE4 /* Info.plist */,
			);
			path = "神奇海螺Tests";
			sourceTree = "<group>";
		};
		4B2FFF7321BA6C8A00EBDFE4 /* 神奇海螺UITests */ = {
			isa = PBXGroup;
			children = (
				4B2FFF7421BA6C8A00EBDFE4 /* ____UITests.swift */,
				4B2FFF7621BA6C8A00EBDFE4 /* Info.plist */,
			);
			path = "神奇海螺UITests";
			sourceTree = "<group>";
		};
		4B2FFF8221BA6CE000EBDFE4 /* Model */ = {
			isa = PBXGroup;
			children = (
				4BF8065121BB904D00C573A6 /* PublicStuff.swift */,
			);
			path = Model;
			sourceTree = "<group>";
		};
		4B2FFF8321BA6D0400EBDFE4 /* View */ = {
			isa = PBXGroup;
			children = (
				4BF8065321BB928400C573A6 /* SettingCell.swift */,
				4B74219621BEB10700DFEFDA /* RecordsCell.swift */,
				4B9705CE21C2733E00286D8E /* PersonInfoCell.swift */,
				4B9F077B21C50F62009EB4FB /* TopicsCell.swift */,
				4BE4D86A21F0C92400537883 /* MessageCell.swift */,
				4B3ECF8121F17D2100992827 /* BookMarkCell.swift */,
			);
			path = View;
			sourceTree = "<group>";
		};
		4B2FFF8421BA6D1100EBDFE4 /* Controller */ = {
			isa = PBXGroup;
			children = (
				4B74219021BE8A2B00DFEFDA /* MainTabBarController.swift */,
				4B2FFF5321BA6C8900EBDFE4 /* ViewController.swift */,
				4BF8064E21BB8B7C00C573A6 /* SettingViewController.swift */,
				4B74218E21BE878E00DFEFDA /* PersonInfoViewController.swift */,
				4B74219221BE8ADD00DFEFDA /* TopicsViewController.swift */,
				4B74219421BE8B5300DFEFDA /* RecordsViewController.swift */,
				4BEEDD1821C3AC9400401C55 /* BookmarkViewController.swift */,
				4BEE75A621D4C7F90097365F /* AskViewController.swift */,
				4BE4D86821F0C89400537883 /* MessageViewController.swift */,
			);
			path = Controller;
			sourceTree = "<group>";
		};
		4B2FFF8521BA6D4900EBDFE4 /* support files */ = {
			isa = PBXGroup;
			children = (
				4B2FFF5121BA6C8900EBDFE4 /* AppDelegate.swift */,
				4B2FFF5521BA6C8900EBDFE4 /* Main.storyboard */,
				4B2FFF5B21BA6C8A00EBDFE4 /* Assets.xcassets */,
				4B2FFF5D21BA6C8A00EBDFE4 /* LaunchScreen.storyboard */,
			);
			path = "support files";
			sourceTree = "<group>";
		};
/* End PBXGroup section */

/* Begin PBXNativeTarget section */
		4B2FFF4D21BA6C8900EBDFE4 /* 神奇海螺 */ = {
			isa = PBXNativeTarget;
			buildConfigurationList = 4B2FFF7921BA6C8A00EBDFE4 /* Build configuration list for PBXNativeTarget "神奇海螺" */;
			buildPhases = (
				4B2FFF4A21BA6C8900EBDFE4 /* Sources */,
				4B2FFF4B21BA6C8900EBDFE4 /* Frameworks */,
				4B2FFF4C21BA6C8900EBDFE4 /* Resources */,
			);
			buildRules = (
			);
			dependencies = (
			);
			name = "神奇海螺";
			productName = "神奇海螺";
			productReference = 4B2FFF4E21BA6C8900EBDFE4 /* 神奇海螺.app */;
			productType = "com.apple.product-type.application";
		};
		4B2FFF6421BA6C8A00EBDFE4 /* 神奇海螺Tests */ = {
			isa = PBXNativeTarget;
			buildConfigurationList = 4B2FFF7C21BA6C8A00EBDFE4 /* Build configuration list for PBXNativeTarget "神奇海螺Tests" */;
			buildPhases = (
				4B2FFF6121BA6C8A00EBDFE4 /* Sources */,
				4B2FFF6221BA6C8A00EBDFE4 /* Frameworks */,
				4B2FFF6321BA6C8A00EBDFE4 /* Resources */,
			);
			buildRules = (
			);
			dependencies = (
				4B2FFF6721BA6C8A00EBDFE4 /* PBXTargetDependency */,
			);
			name = "神奇海螺Tests";
			productName = "神奇海螺Tests";
			productReference = 4B2FFF6521BA6C8A00EBDFE4 /* 神奇海螺Tests.xctest */;
			productType = "com.apple.product-type.bundle.unit-test";
		};
		4B2FFF6F21BA6C8A00EBDFE4 /* 神奇海螺UITests */ = {
			isa = PBXNativeTarget;
			buildConfigurationList = 4B2FFF7F21BA6C8A00EBDFE4 /* Build configuration list for PBXNativeTarget "神奇海螺UITests" */;
			buildPhases = (
				4B2FFF6C21BA6C8A00EBDFE4 /* Sources */,
				4B2FFF6D21BA6C8A00EBDFE4 /* Frameworks */,
				4B2FFF6E21BA6C8A00EBDFE4 /* Resources */,
			);
			buildRules = (
			);
			dependencies = (
				4B2FFF7221BA6C8A00EBDFE4 /* PBXTargetDependency */,
			);
			name = "神奇海螺UITests";
			productName = "神奇海螺UITests";
			productReference = 4B2FFF7021BA6C8A00EBDFE4 /* 神奇海螺UITests.xctest */;
			productType = "com.apple.product-type.bundle.ui-testing";
		};
/* End PBXNativeTarget section */

/* Begin PBXProject section */
		4B2FFF4621BA6C8900EBDFE4 /* Project object */ = {
			isa = PBXProject;
			attributes = {
				LastSwiftUpdateCheck = 1010;
				LastUpgradeCheck = 1010;
				ORGANIZATIONNAME = MacsedProtoss;
				TargetAttributes = {
					4B2FFF4D21BA6C8900EBDFE4 = {
						CreatedOnToolsVersion = 10.1;
					};
					4B2FFF6421BA6C8A00EBDFE4 = {
						CreatedOnToolsVersion = 10.1;
						TestTargetID = 4B2FFF4D21BA6C8900EBDFE4;
					};
					4B2FFF6F21BA6C8A00EBDFE4 = {
						CreatedOnToolsVersion = 10.1;
						TestTargetID = 4B2FFF4D21BA6C8900EBDFE4;
					};
				};
			};
			buildConfigurationList = 4B2FFF4921BA6C8900EBDFE4 /* Build configuration list for PBXProject "神奇海螺" */;
			compatibilityVersion = "Xcode 9.3";
			developmentRegion = en;
			hasScannedForEncodings = 0;
			knownRegions = (
				en,
				Base,
			);
			mainGroup = 4B2FFF4521BA6C8900EBDFE4;
			productRefGroup = 4B2FFF4F21BA6C8900EBDFE4 /* Products */;
			projectDirPath = "";
			projectRoot = "";
			targets = (
				4B2FFF4D21BA6C8900EBDFE4 /* 神奇海螺 */,
				4B2FFF6421BA6C8A00EBDFE4 /* 神奇海螺Tests */,
				4B2FFF6F21BA6C8A00EBDFE4 /* 神奇海螺UITests */,
			);
		};
/* End PBXProject section */

/* Begin PBXResourcesBuildPhase section */
		4B2FFF4C21BA6C8900EBDFE4 /* Resources */ = {
			isa = PBXResourcesBuildPhase;
			buildActionMask = 2147483647;
			files = (
				4B2FFF5F21BA6C8A00EBDFE4 /* LaunchScreen.storyboard in Resources */,
				4B2FFF5C21BA6C8A00EBDFE4 /* Assets.xcassets in Resources */,
				4B2FFF5721BA6C8900EBDFE4 /* Main.storyboard in Resources */,
			);
			runOnlyForDeploymentPostprocessing = 0;
		};
		4B2FFF6321BA6C8A00EBDFE4 /* Resources */ = {
			isa = PBXResourcesBuildPhase;
			buildActionMask = 2147483647;
			files = (
			);
			runOnlyForDeploymentPostprocessing = 0;
		};
		4B2FFF6E21BA6C8A00EBDFE4 /* Resources */ = {
			isa = PBXResourcesBuildPhase;
			buildActionMask = 2147483647;
			files = (
			);
			runOnlyForDeploymentPostprocessing = 0;
		};
/* End PBXResourcesBuildPhase section */

/* Begin PBXSourcesBuildPhase section */
		4B2FFF4A21BA6C8900EBDFE4 /* Sources */ = {
			isa = PBXSourcesBuildPhase;
			buildActionMask = 2147483647;
			files = (
				4BF8065421BB928400C573A6 /* SettingCell.swift in Sources */,
				4B74219721BEB10700DFEFDA /* RecordsCell.swift in Sources */,
				4B2FFF5421BA6C8900EBDFE4 /* ViewController.swift in Sources */,
				4BEE75A721D4C7F90097365F /* AskViewController.swift in Sources */,
				4B74219121BE8A2B00DFEFDA /* MainTabBarController.swift in Sources */,
				4B2FFF5A21BA6C8900EBDFE4 /* ____.xcdatamodeld in Sources */,
				4B2FFF5221BA6C8900EBDFE4 /* AppDelegate.swift in Sources */,
				4B74219321BE8ADD00DFEFDA /* TopicsViewController.swift in Sources */,
				4BF8065221BB904D00C573A6 /* PublicStuff.swift in Sources */,
				4B74218F21BE878E00DFEFDA /* PersonInfoViewController.swift in Sources */,
				4BE4D86921F0C89400537883 /* MessageViewController.swift in Sources */,
				4BEEDD1921C3AC9400401C55 /* BookmarkViewController.swift in Sources */,
				4B9705CF21C2733E00286D8E /* PersonInfoCell.swift in Sources */,
				4BE4D86B21F0C92400537883 /* MessageCell.swift in Sources */,
				4BF8064F21BB8B7C00C573A6 /* SettingViewController.swift in Sources */,
				4B3ECF8221F17D2100992827 /* BookMarkCell.swift in Sources */,
				4B74219521BE8B5300DFEFDA /* RecordsViewController.swift in Sources */,
				4B9F077C21C50F62009EB4FB /* TopicsCell.swift in Sources */,
			);
			runOnlyForDeploymentPostprocessing = 0;
		};
		4B2FFF6121BA6C8A00EBDFE4 /* Sources */ = {
			isa = PBXSourcesBuildPhase;
			buildActionMask = 2147483647;
			files = (
				4B2FFF6A21BA6C8A00EBDFE4 /* ____Tests.swift in Sources */,
			);
			runOnlyForDeploymentPostprocessing = 0;
		};
		4B2FFF6C21BA6C8A00EBDFE4 /* Sources */ = {
			isa = PBXSourcesBuildPhase;
			buildActionMask = 2147483647;
			files = (
				4B2FFF7521BA6C8A00EBDFE4 /* ____UITests.swift in Sources */,
			);
			runOnlyForDeploymentPostprocessing = 0;
		};
/* End PBXSourcesBuildPhase section */

/* Begin PBXTargetDependency section */
		4B2FFF6721BA6C8A00EBDFE4 /* PBXTargetDependency */ = {
			isa = PBXTargetDependency;
			target = 4B2FFF4D21BA6C8900EBDFE4 /* 神奇海螺 */;
			targetProxy = 4B2FFF6621BA6C8A00EBDFE4 /* PBXContainerItemProxy */;
		};
		4B2FFF7221BA6C8A00EBDFE4 /* PBXTargetDependency */ = {
			isa = PBXTargetDependency;
			target = 4B2FFF4D21BA6C8900EBDFE4 /* 神奇海螺 */;
			targetProxy = 4B2FFF7121BA6C8A00EBDFE4 /* PBXContainerItemProxy */;
		};
/* End PBXTargetDependency section */

/* Begin PBXVariantGroup section */
		4B2FFF5521BA6C8900EBDFE4 /* Main.storyboard */ = {
			isa = PBXVariantGroup;
			children = (
				4B2FFF5621BA6C8900EBDFE4 /* Base */,
			);
			name = Main.storyboard;
			sourceTree = "<group>";
		};
		4B2FFF5D21BA6C8A00EBDFE4 /* LaunchScreen.storyboard */ = {
			isa = PBXVariantGroup;
			children = (
				4B2FFF5E21BA6C8A00EBDFE4 /* Base */,
			);
			name = LaunchScreen.storyboard;
			sourceTree = "<group>";
		};
/* End PBXVariantGroup section */

/* Begin XCBuildConfiguration section */
		4B2FFF7721BA6C8A00EBDFE4 /* Debug */ = {
			isa = XCBuildConfiguration;
			buildSettings = {
				ALWAYS_SEARCH_USER_PATHS = NO;
				CLANG_ANALYZER_NONNULL = YES;
				CLANG_ANALYZER_NUMBER_OBJECT_CONVERSION = YES_AGGRESSIVE;
				CLANG_CXX_LANGUAGE_STANDARD = "gnu++14";
				CLANG_CXX_LIBRARY = "libc++";
				CLANG_ENABLE_MODULES = YES;
				CLANG_ENABLE_OBJC_ARC = YES;
				CLANG_ENABLE_OBJC_WEAK = YES;
				CLANG_WARN_BLOCK_CAPTURE_AUTORELEASING = YES;
				CLANG_WARN_BOOL_CONVERSION = YES;
				CLANG_WARN_COMMA = YES;
				CLANG_WARN_CONSTANT_CONVERSION = YES;
				CLANG_WARN_DEPRECATED_OBJC_IMPLEMENTATIONS = YES;
				CLANG_WARN_DIRECT_OBJC_ISA_USAGE = YES_ERROR;
				CLANG_WARN_DOCUMENTATION_COMMENTS = YES;
				CLANG_WARN_EMPTY_BODY = YES;
				CLANG_WARN_ENUM_CONVERSION = YES;
				CLANG_WARN_INFINITE_RECURSION = YES;
				CLANG_WARN_INT_CONVERSION = YES;
				CLANG_WARN_NON_LITERAL_NULL_CONVERSION = YES;
				CLANG_WARN_OBJC_IMPLICIT_RETAIN_SELF = YES;
				CLANG_WARN_OBJC_LITERAL_CONVERSION = YES;
				CLANG_WARN_OBJC_ROOT_CLASS = YES_ERROR;
				CLANG_WARN_RANGE_LOOP_ANALYSIS = YES;
				CLANG_WARN_STRICT_PROTOTYPES = YES;
				CLANG_WARN_SUSPICIOUS_MOVE = YES;
				CLANG_WARN_UNGUARDED_AVAILABILITY = YES_AGGRESSIVE;
				CLANG_WARN_UNREACHABLE_CODE = YES;
				CLANG_WARN__DUPLICATE_METHOD_MATCH = YES;
				CODE_SIGN_IDENTITY = "iPhone Developer";
				COPY_PHASE_STRIP = NO;
				DEBUG_INFORMATION_FORMAT = dwarf;
				ENABLE_STRICT_OBJC_MSGSEND = YES;
				ENABLE_TESTABILITY = YES;
				GCC_C_LANGUAGE_STANDARD = gnu11;
				GCC_DYNAMIC_NO_PIC = NO;
				GCC_NO_COMMON_BLOCKS = YES;
				GCC_OPTIMIZATION_LEVEL = 0;
				GCC_PREPROCESSOR_DEFINITIONS = (
					"DEBUG=1",
					"$(inherited)",
				);
				GCC_WARN_64_TO_32_BIT_CONVERSION = YES;
				GCC_WARN_ABOUT_RETURN_TYPE = YES_ERROR;
				GCC_WARN_UNDECLARED_SELECTOR = YES;
				GCC_WARN_UNINITIALIZED_AUTOS = YES_AGGRESSIVE;
				GCC_WARN_UNUSED_FUNCTION = YES;
				GCC_WARN_UNUSED_VARIABLE = YES;
				IPHONEOS_DEPLOYMENT_TARGET = 12.1;
				MTL_ENABLE_DEBUG_INFO = INCLUDE_SOURCE;
				MTL_FAST_MATH = YES;
				ONLY_ACTIVE_ARCH = YES;
				SDKROOT = iphoneos;
				SWIFT_ACTIVE_COMPILATION_CONDITIONS = DEBUG;
				SWIFT_OPTIMIZATION_LEVEL = "-Onone";
			};
			name = Debug;
		};
		4B2FFF7821BA6C8A00EBDFE4 /* Release */ = {
			isa = XCBuildConfiguration;
			buildSettings = {
				ALWAYS_SEARCH_USER_PATHS = NO;
				CLANG_ANALYZER_NONNULL = YES;
				CLANG_ANALYZER_NUMBER_OBJECT_CONVERSION = YES_AGGRESSIVE;
				CLANG_CXX_LANGUAGE_STANDARD = "gnu++14";
				CLANG_CXX_LIBRARY = "libc++";
				CLANG_ENABLE_MODULES = YES;
				CLANG_ENABLE_OBJC_ARC = YES;
				CLANG_ENABLE_OBJC_WEAK = YES;
				CLANG_WARN_BLOCK_CAPTURE_AUTORELEASING = YES;
				CLANG_WARN_BOOL_CONVERSION = YES;
				CLANG_WARN_COMMA = YES;
				CLANG_WARN_CONSTANT_CONVERSION = YES;
				CLANG_WARN_DEPRECATED_OBJC_IMPLEMENTATIONS = YES;
				CLANG_WARN_DIRECT_OBJC_ISA_USAGE = YES_ERROR;
				CLANG_WARN_DOCUMENTATION_COMMENTS = YES;
				CLANG_WARN_EMPTY_BODY = YES;
				CLANG_WARN_ENUM_CONVERSION = YES;
				CLANG_WARN_INFINITE_RECURSION = YES;
				CLANG_WARN_INT_CONVERSION = YES;
				CLANG_WARN_NON_LITERAL_NULL_CONVERSION = YES;
				CLANG_WARN_OBJC_IMPLICIT_RETAIN_SELF = YES;
				CLANG_WARN_OBJC_LITERAL_CONVERSION = YES;
				CLANG_WARN_OBJC_ROOT_CLASS = YES_ERROR;
				CLANG_WARN_RANGE_LOOP_ANALYSIS = YES;
				CLANG_WARN_STRICT_PROTOTYPES = YES;
				CLANG_WARN_SUSPICIOUS_MOVE = YES;
				CLANG_WARN_UNGUARDED_AVAILABILITY = YES_AGGRESSIVE;
				CLANG_WARN_UNREACHABLE_CODE = YES;
				CLANG_WARN__DUPLICATE_METHOD_MATCH = YES;
				CODE_SIGN_IDENTITY = "iPhone Developer";
				COPY_PHASE_STRIP = NO;
				DEBUG_INFORMATION_FORMAT = "dwarf-with-dsym";
				ENABLE_NS_ASSERTIONS = NO;
				ENABLE_STRICT_OBJC_MSGSEND = YES;
				GCC_C_LANGUAGE_STANDARD = gnu11;
				GCC_NO_COMMON_BLOCKS = YES;
				GCC_WARN_64_TO_32_BIT_CONVERSION = YES;
				GCC_WARN_ABOUT_RETURN_TYPE = YES_ERROR;
				GCC_WARN_UNDECLARED_SELECTOR = YES;
				GCC_WARN_UNINITIALIZED_AUTOS = YES_AGGRESSIVE;
				GCC_WARN_UNUSED_FUNCTION = YES;
				GCC_WARN_UNUSED_VARIABLE = YES;
				IPHONEOS_DEPLOYMENT_TARGET = 12.1;
				MTL_ENABLE_DEBUG_INFO = NO;
				MTL_FAST_MATH = YES;
				SDKROOT = iphoneos;
				SWIFT_COMPILATION_MODE = wholemodule;
				SWIFT_OPTIMIZATION_LEVEL = "-O";
				VALIDATE_PRODUCT = YES;
			};
			name = Release;
		};
		4B2FFF7A21BA6C8A00EBDFE4 /* Debug */ = {
			isa = XCBuildConfiguration;
			buildSettings = {
				ASSETCATALOG_COMPILER_APPICON_NAME = AppIcon;
				CODE_SIGN_STYLE = Automatic;
				DEVELOPMENT_TEAM = YTDF7SPBSN;
				INFOPLIST_FILE = "神奇海螺/Info.plist";
				LD_RUNPATH_SEARCH_PATHS = (
					"$(inherited)",
					"@executable_path/Frameworks",
				);
				PRODUCT_BUNDLE_IDENTIFIER = "macsed.----";
				PRODUCT_NAME = "$(TARGET_NAME)";
				SWIFT_VERSION = 4.2;
				TARGETED_DEVICE_FAMILY = "1,2";
			};
			name = Debug;
		};
		4B2FFF7B21BA6C8A00EBDFE4 /* Release */ = {
			isa = XCBuildConfiguration;
			buildSettings = {
				ASSETCATALOG_COMPILER_APPICON_NAME = AppIcon;
				CODE_SIGN_STYLE = Automatic;
				DEVELOPMENT_TEAM = YTDF7SPBSN;
				INFOPLIST_FILE = "神奇海螺/Info.plist";
				LD_RUNPATH_SEARCH_PATHS = (
					"$(inherited)",
					"@executable_path/Frameworks",
				);
				PRODUCT_BUNDLE_IDENTIFIER = "macsed.----";
				PRODUCT_NAME = "$(TARGET_NAME)";
				SWIFT_VERSION = 4.2;
				TARGETED_DEVICE_FAMILY = "1,2";
			};
			name = Release;
		};
		4B2FFF7D21BA6C8A00EBDFE4 /* Debug */ = {
			isa = XCBuildConfiguration;
			buildSettings = {
				ALWAYS_EMBED_SWIFT_STANDARD_LIBRARIES = YES;
				BUNDLE_LOADER = "$(TEST_HOST)";
				CODE_SIGN_STYLE = Automatic;
				DEVELOPMENT_TEAM = YTDF7SPBSN;
				INFOPLIST_FILE = "神奇海螺Tests/Info.plist";
				LD_RUNPATH_SEARCH_PATHS = (
					"$(inherited)",
					"@executable_path/Frameworks",
					"@loader_path/Frameworks",
				);
				PRODUCT_BUNDLE_IDENTIFIER = "macsed.----Tests";
				PRODUCT_NAME = "$(TARGET_NAME)";
				SWIFT_VERSION = 4.2;
				TARGETED_DEVICE_FAMILY = "1,2";
				TEST_HOST = "$(BUILT_PRODUCTS_DIR)/神奇海螺.app/神奇海螺";
			};
			name = Debug;
		};
		4B2FFF7E21BA6C8A00EBDFE4 /* Release */ = {
			isa = XCBuildConfiguration;
			buildSettings = {
				ALWAYS_EMBED_SWIFT_STANDARD_LIBRARIES = YES;
				BUNDLE_LOADER = "$(TEST_HOST)";
				CODE_SIGN_STYLE = Automatic;
				DEVELOPMENT_TEAM = YTDF7SPBSN;
				INFOPLIST_FILE = "神奇海螺Tests/Info.plist";
				LD_RUNPATH_SEARCH_PATHS = (
					"$(inherited)",
					"@executable_path/Frameworks",
					"@loader_path/Frameworks",
				);
				PRODUCT_BUNDLE_IDENTIFIER = "macsed.----Tests";
				PRODUCT_NAME = "$(TARGET_NAME)";
				SWIFT_VERSION = 4.2;
				TARGETED_DEVICE_FAMILY = "1,2";
				TEST_HOST = "$(BUILT_PRODUCTS_DIR)/神奇海螺.app/神奇海螺";
			};
			name = Release;
		};
		4B2FFF8021BA6C8A00EBDFE4 /* Debug */ = {
			isa = XCBuildConfiguration;
			buildSettings = {
				ALWAYS_EMBED_SWIFT_STANDARD_LIBRARIES = YES;
				CODE_SIGN_STYLE = Automatic;
				DEVELOPMENT_TEAM = YTDF7SPBSN;
				INFOPLIST_FILE = "神奇海螺UITests/Info.plist";
				LD_RUNPATH_SEARCH_PATHS = (
					"$(inherited)",
					"@executable_path/Frameworks",
					"@loader_path/Frameworks",
				);
				PRODUCT_BUNDLE_IDENTIFIER = "macsed.----UITests";
				PRODUCT_NAME = "$(TARGET_NAME)";
				SWIFT_VERSION = 4.2;
				TARGETED_DEVICE_FAMILY = "1,2";
				TEST_TARGET_NAME = "神奇海螺";
			};
			name = Debug;
		};
		4B2FFF8121BA6C8A00EBDFE4 /* Release */ = {
			isa = XCBuildConfiguration;
			buildSettings = {
				ALWAYS_EMBED_SWIFT_STANDARD_LIBRARIES = YES;
				CODE_SIGN_STYLE = Automatic;
				DEVELOPMENT_TEAM = YTDF7SPBSN;
				INFOPLIST_FILE = "神奇海螺UITests/Info.plist";
				LD_RUNPATH_SEARCH_PATHS = (
					"$(inherited)",
					"@executable_path/Frameworks",
					"@loader_path/Frameworks",
				);
				PRODUCT_BUNDLE_IDENTIFIER = "macsed.----UITests";
				PRODUCT_NAME = "$(TARGET_NAME)";
				SWIFT_VERSION = 4.2;
				TARGETED_DEVICE_FAMILY = "1,2";
				TEST_TARGET_NAME = "神奇海螺";
			};
			name = Release;
		};
/* End XCBuildConfiguration section */

/* Begin XCConfigurationList section */
		4B2FFF4921BA6C8900EBDFE4 /* Build configuration list for PBXProject "神奇海螺" */ = {
			isa = XCConfigurationList;
			buildConfigurations = (
				4B2FFF7721BA6C8A00EBDFE4 /* Debug */,
				4B2FFF7821BA6C8A00EBDFE4 /* Release */,
			);
			defaultConfigurationIsVisible = 0;
			defaultConfigurationName = Release;
		};
		4B2FFF7921BA6C8A00EBDFE4 /* Build configuration list for PBXNativeTarget "神奇海螺" */ = {
			isa = XCConfigurationList;
			buildConfigurations = (
				4B2FFF7A21BA6C8A00EBDFE4 /* Debug */,
				4B2FFF7B21BA6C8A00EBDFE4 /* Release */,
			);
			defaultConfigurationIsVisible = 0;
			defaultConfigurationName = Release;
		};
		4B2FFF7C21BA6C8A00EBDFE4 /* Build configuration list for PBXNativeTarget "神奇海螺Tests" */ = {
			isa = XCConfigurationList;
			buildConfigurations = (
				4B2FFF7D21BA6C8A00EBDFE4 /* Debug */,
				4B2FFF7E21BA6C8A00EBDFE4 /* Release */,
			);
			defaultConfigurationIsVisible = 0;
			defaultConfigurationName = Release;
		};
		4B2FFF7F21BA6C8A00EBDFE4 /* Build configuration list for PBXNativeTarget "神奇海螺UITests" */ = {
			isa = XCConfigurationList;
			buildConfigurations = (
				4B2FFF8021BA6C8A00EBDFE4 /* Debug */,
				4B2FFF8121BA6C8A00EBDFE4 /* Release */,
			);
			defaultConfigurationIsVisible = 0;
			defaultConfigurationName = Release;
		};
/* End XCConfigurationList section */

/* Begin XCVersionGroup section */
		4B2FFF5821BA6C8900EBDFE4 /* ____.xcdatamodeld */ = {
			isa = XCVersionGroup;
			children = (
				4B2FFF5921BA6C8900EBDFE4 /* ____.xcdatamodel */,
			);
			currentVersion = 4B2FFF5921BA6C8900EBDFE4 /* ____.xcdatamodel */;
			path = "____.xcdatamodeld";
			sourceTree = "<group>";
			versionGroupType = wrapper.xcdatamodel;
		};
/* End XCVersionGroup section */
	};
	rootObject = 4B2FFF4621BA6C8900EBDFE4 /* Project object */;
}
